
Microsoft Visual Studio Solution File, Format Version 12.00
# Visual Studio Version 17
VisualStudioVersion = 17.2.32519.379
MinimumVisualStudioVersion = 10.0.40219.1
Project("{FAE04EC0-301F-11D3-BF4B-00C04F79EFBC}") = "Calculator", "Calculator\Calculator.csproj", "{69B384F6-CBFB-430C-A4C3-E64ED7819BB6}"
EndProject
Global
	GlobalSection(SolutionConfigurationPlatforms) = preSolution
		Debug|Any CPU = Debug|Any CPU
		Release|Any CPU = Release|Any CPU
	EndGlobalSection
	GlobalSection(ProjectConfigurationPlatforms) = postSolution
		{69B384F6-CBFB-430C-A4C3-E64ED7819BB6}.Debug|Any CPU.ActiveCfg = Debug|Any CPU
		{69B384F6-CBFB-430C-A4C3-E64ED7819BB6}.Debug|Any CPU.Build.0 = Debug|Any CPU
		{69B384F6-CBFB-430C-A4C3-E64ED7819BB6}.Release|Any CPU.ActiveCfg = Release|Any CPU
		{69B384F6-CBFB-430C-A4C3-E64ED7819BB6}.Release|Any CPU.Build.0 = Release|Any CPU
	EndGlobalSection
	GlobalSection(SolutionProperties) = preSolution
		HideSolutionNode = FALSE
	EndGlobalSection
	GlobalSection(ExtensibilityGlobals) = postSolution
		SolutionGuid = {6BF135C0-20ED-4D9F-B488-B37BD8F9CBA2}
	EndGlobalSection
EndGlobal
